// !$*UTF8*$!
{
	archiveVersion = 1;
	classes = {
	};
	objectVersion = 50;
	objects = {

/* Begin PBXBuildFile section */
		03E990A524CBDF25008FA24B /* AppDelegate.swift in Sources */ = {isa = PBXBuildFile; fileRef = 03E990A424CBDF25008FA24B /* AppDelegate.swift */; };
		03E990A724CBDF25008FA24B /* SceneDelegate.swift in Sources */ = {isa = PBXBuildFile; fileRef = 03E990A624CBDF25008FA24B /* SceneDelegate.swift */; };
		03E990A924CBDF25008FA24B /* ViewController.swift in Sources */ = {isa = PBXBuildFile; fileRef = 03E990A824CBDF25008FA24B /* ViewController.swift */; };
		03E990AC24CBDF25008FA24B /* Main.storyboard in Resources */ = {isa = PBXBuildFile; fileRef = 03E990AA24CBDF25008FA24B /* Main.storyboard */; };
		03E990AE24CBDF2A008FA24B /* Assets.xcassets in Resources */ = {isa = PBXBuildFile; fileRef = 03E990AD24CBDF2A008FA24B /* Assets.xcassets */; };
		03E990B124CBDF2A008FA24B /* LaunchScreen.storyboard in Resources */ = {isa = PBXBuildFile; fileRef = 03E990AF24CBDF2A008FA24B /* LaunchScreen.storyboard */; };
		03E990BC24CBDF2A008FA24B /* DotaHeroTests.swift in Sources */ = {isa = PBXBuildFile; fileRef = 03E990BB24CBDF2A008FA24B /* DotaHeroTests.swift */; };
		03E990CD24CBE3B7008FA24B /* Hero.storyboard in Resources */ = {isa = PBXBuildFile; fileRef = 03E990CC24CBE3B7008FA24B /* Hero.storyboard */; };
		03E990CF24CBE3EA008FA24B /* HeroListViewController.swift in Sources */ = {isa = PBXBuildFile; fileRef = 03E990CE24CBE3EA008FA24B /* HeroListViewController.swift */; };
		03E990D224CC1A12008FA24B /* CategoryNameTableViewCell.swift in Sources */ = {isa = PBXBuildFile; fileRef = 03E990D124CC1A12008FA24B /* CategoryNameTableViewCell.swift */; };
		03E990D524CC1CD4008FA24B /* HeroCardCollectionViewCell.xib in Resources */ = {isa = PBXBuildFile; fileRef = 03E990D424CC1CD4008FA24B /* HeroCardCollectionViewCell.xib */; };
		03E990D724CC1DC7008FA24B /* HeroCardCollectionViewCell.swift in Sources */ = {isa = PBXBuildFile; fileRef = 03E990D624CC1DC7008FA24B /* HeroCardCollectionViewCell.swift */; };
/* End PBXBuildFile section */

/* Begin PBXContainerItemProxy section */
		03E990B824CBDF2A008FA24B /* PBXContainerItemProxy */ = {
			isa = PBXContainerItemProxy;
			containerPortal = 03E9909924CBDF25008FA24B /* Project object */;
			proxyType = 1;
			remoteGlobalIDString = 03E990A024CBDF25008FA24B;
			remoteInfo = DotaHero;
		};
/* End PBXContainerItemProxy section */

/* Begin PBXFileReference section */
		03E990A124CBDF25008FA24B /* DotaHero.app */ = {isa = PBXFileReference; explicitFileType = wrapper.application; includeInIndex = 0; path = DotaHero.app; sourceTree = BUILT_PRODUCTS_DIR; };
		03E990A424CBDF25008FA24B /* AppDelegate.swift */ = {isa = PBXFileReference; lastKnownFileType = sourcecode.swift; path = AppDelegate.swift; sourceTree = "<group>"; };
		03E990A624CBDF25008FA24B /* SceneDelegate.swift */ = {isa = PBXFileReference; lastKnownFileType = sourcecode.swift; path = SceneDelegate.swift; sourceTree = "<group>"; };
		03E990A824CBDF25008FA24B /* ViewController.swift */ = {isa = PBXFileReference; lastKnownFileType = sourcecode.swift; path = ViewController.swift; sourceTree = "<group>"; };
		03E990AB24CBDF25008FA24B /* Base */ = {isa = PBXFileReference; lastKnownFileType = file.storyboard; name = Base; path = Base.lproj/Main.storyboard; sourceTree = "<group>"; };
		03E990AD24CBDF2A008FA24B /* Assets.xcassets */ = {isa = PBXFileReference; lastKnownFileType = folder.assetcatalog; path = Assets.xcassets; sourceTree = "<group>"; };
		03E990B024CBDF2A008FA24B /* Base */ = {isa = PBXFileReference; lastKnownFileType = file.storyboard; name = Base; path = Base.lproj/LaunchScreen.storyboard; sourceTree = "<group>"; };
		03E990B224CBDF2A008FA24B /* Info.plist */ = {isa = PBXFileReference; lastKnownFileType = text.plist.xml; path = Info.plist; sourceTree = "<group>"; };
		03E990B724CBDF2A008FA24B /* DotaHeroTests.xctest */ = {isa = PBXFileReference; explicitFileType = wrapper.cfbundle; includeInIndex = 0; path = DotaHeroTests.xctest; sourceTree = BUILT_PRODUCTS_DIR; };
		03E990BB24CBDF2A008FA24B /* DotaHeroTests.swift */ = {isa = PBXFileReference; lastKnownFileType = sourcecode.swift; path = DotaHeroTests.swift; sourceTree = "<group>"; };
		03E990BD24CBDF2A008FA24B /* Info.plist */ = {isa = PBXFileReference; lastKnownFileType = text.plist.xml; path = Info.plist; sourceTree = "<group>"; };
		03E990CC24CBE3B7008FA24B /* Hero.storyboard */ = {isa = PBXFileReference; lastKnownFileType = file.storyboard; path = Hero.storyboard; sourceTree = "<group>"; };
		03E990CE24CBE3EA008FA24B /* HeroListViewController.swift */ = {isa = PBXFileReference; lastKnownFileType = sourcecode.swift; path = HeroListViewController.swift; sourceTree = "<group>"; };
		03E990D124CC1A12008FA24B /* CategoryNameTableViewCell.swift */ = {isa = PBXFileReference; lastKnownFileType = sourcecode.swift; path = CategoryNameTableViewCell.swift; sourceTree = "<group>"; };
		03E990D424CC1CD4008FA24B /* HeroCardCollectionViewCell.xib */ = {isa = PBXFileReference; lastKnownFileType = file.xib; path = HeroCardCollectionViewCell.xib; sourceTree = "<group>"; };
		03E990D624CC1DC7008FA24B /* HeroCardCollectionViewCell.swift */ = {isa = PBXFileReference; lastKnownFileType = sourcecode.swift; path = HeroCardCollectionViewCell.swift; sourceTree = "<group>"; };
/* End PBXFileReference section */

/* Begin PBXFrameworksBuildPhase section */
		03E9909E24CBDF25008FA24B /* Frameworks */ = {
			isa = PBXFrameworksBuildPhase;
			buildActionMask = 2147483647;
			files = (
			);
			runOnlyForDeploymentPostprocessing = 0;
		};
		03E990B424CBDF2A008FA24B /* Frameworks */ = {
			isa = PBXFrameworksBuildPhase;
			buildActionMask = 2147483647;
			files = (
			);
			runOnlyForDeploymentPostprocessing = 0;
		};
/* End PBXFrameworksBuildPhase section */

/* Begin PBXGroup section */
		03E9909824CBDF25008FA24B = {
			isa = PBXGroup;
			children = (
				03E990A324CBDF25008FA24B /* DotaHero */,
				03E990BA24CBDF2A008FA24B /* DotaHeroTests */,
				03E990A224CBDF25008FA24B /* Products */,
			);
			sourceTree = "<group>";
		};
		03E990A224CBDF25008FA24B /* Products */ = {
			isa = PBXGroup;
			children = (
				03E990A124CBDF25008FA24B /* DotaHero.app */,
				03E990B724CBDF2A008FA24B /* DotaHeroTests.xctest */,
			);
			name = Products;
			sourceTree = "<group>";
		};
		03E990A324CBDF25008FA24B /* DotaHero */ = {
			isa = PBXGroup;
			children = (
				03E990C924CBE32A008FA24B /* API */,
				03E990C624CBE060008FA24B /* Model */,
				03E990C724CBE069008FA24B /* View */,
				03E990C824CBE073008FA24B /* ViewModel */,
				03E990A424CBDF25008FA24B /* AppDelegate.swift */,
				03E990A624CBDF25008FA24B /* SceneDelegate.swift */,
				03E990A824CBDF25008FA24B /* ViewController.swift */,
				03E990AA24CBDF25008FA24B /* Main.storyboard */,
				03E990AD24CBDF2A008FA24B /* Assets.xcassets */,
				03E990AF24CBDF2A008FA24B /* LaunchScreen.storyboard */,
				03E990B224CBDF2A008FA24B /* Info.plist */,
			);
			path = DotaHero;
			sourceTree = "<group>";
		};
		03E990BA24CBDF2A008FA24B /* DotaHeroTests */ = {
			isa = PBXGroup;
			children = (
				03E990BB24CBDF2A008FA24B /* DotaHeroTests.swift */,
				03E990BD24CBDF2A008FA24B /* Info.plist */,
			);
			path = DotaHeroTests;
			sourceTree = "<group>";
		};
		03E990C624CBE060008FA24B /* Model */ = {
			isa = PBXGroup;
			children = (
			);
			path = Model;
			sourceTree = "<group>";
		};
		03E990C724CBE069008FA24B /* View */ = {
			isa = PBXGroup;
			children = (
				03E990D324CC1CA5008FA24B /* Xib */,
				03E990D024CC19F2008FA24B /* Cell */,
				03E990CB24CBE393008FA24B /* Hero */,
				03E990CA24CBE37D008FA24B /* CustomView */,
			);
			path = View;
			sourceTree = "<group>";
		};
		03E990C824CBE073008FA24B /* ViewModel */ = {
			isa = PBXGroup;
			children = (
			);
			path = ViewModel;
			sourceTree = "<group>";
		};
		03E990C924CBE32A008FA24B /* API */ = {
			isa = PBXGroup;
			children = (
			);
			path = API;
			sourceTree = "<group>";
		};
		03E990CA24CBE37D008FA24B /* CustomView */ = {
			isa = PBXGroup;
			children = (
			);
			path = CustomView;
			sourceTree = "<group>";
		};
		03E990CB24CBE393008FA24B /* Hero */ = {
			isa = PBXGroup;
			children = (
				03E990CC24CBE3B7008FA24B /* Hero.storyboard */,
				03E990CE24CBE3EA008FA24B /* HeroListViewController.swift */,
			);
			path = Hero;
			sourceTree = "<group>";
		};
		03E990D024CC19F2008FA24B /* Cell */ = {
			isa = PBXGroup;
			children = (
				03E990D124CC1A12008FA24B /* CategoryNameTableViewCell.swift */,
				03E990D624CC1DC7008FA24B /* HeroCardCollectionViewCell.swift */,
			);
			path = Cell;
			sourceTree = "<group>";
		};
		03E990D324CC1CA5008FA24B /* Xib */ = {
			isa = PBXGroup;
			children = (
				03E990D424CC1CD4008FA24B /* HeroCardCollectionViewCell.xib */,
			);
			path = Xib;
			sourceTree = "<group>";
		};
/* End PBXGroup section */

/* Begin PBXNativeTarget section */
		03E990A024CBDF25008FA24B /* DotaHero */ = {
			isa = PBXNativeTarget;
			buildConfigurationList = 03E990C024CBDF2A008FA24B /* Build configuration list for PBXNativeTarget "DotaHero" */;
			buildPhases = (
				03E9909D24CBDF25008FA24B /* Sources */,
				03E9909E24CBDF25008FA24B /* Frameworks */,
				03E9909F24CBDF25008FA24B /* Resources */,
			);
			buildRules = (
			);
			dependencies = (
			);
			name = DotaHero;
			productName = DotaHero;
			productReference = 03E990A124CBDF25008FA24B /* DotaHero.app */;
			productType = "com.apple.product-type.application";
		};
		03E990B624CBDF2A008FA24B /* DotaHeroTests */ = {
			isa = PBXNativeTarget;
			buildConfigurationList = 03E990C324CBDF2A008FA24B /* Build configuration list for PBXNativeTarget "DotaHeroTests" */;
			buildPhases = (
				03E990B324CBDF2A008FA24B /* Sources */,
				03E990B424CBDF2A008FA24B /* Frameworks */,
				03E990B524CBDF2A008FA24B /* Resources */,
			);
			buildRules = (
			);
			dependencies = (
				03E990B924CBDF2A008FA24B /* PBXTargetDependency */,
			);
			name = DotaHeroTests;
			productName = DotaHeroTests;
			productReference = 03E990B724CBDF2A008FA24B /* DotaHeroTests.xctest */;
			productType = "com.apple.product-type.bundle.unit-test";
		};
/* End PBXNativeTarget section */

/* Begin PBXProject section */
		03E9909924CBDF25008FA24B /* Project object */ = {
			isa = PBXProject;
			attributes = {
				LastSwiftUpdateCheck = 1150;
				LastUpgradeCheck = 1150;
				ORGANIZATIONNAME = Herlambang;
				TargetAttributes = {
					03E990A024CBDF25008FA24B = {
						CreatedOnToolsVersion = 11.5;
					};
					03E990B624CBDF2A008FA24B = {
						CreatedOnToolsVersion = 11.5;
						TestTargetID = 03E990A024CBDF25008FA24B;
					};
				};
			};
			buildConfigurationList = 03E9909C24CBDF25008FA24B /* Build configuration list for PBXProject "DotaHero" */;
			compatibilityVersion = "Xcode 9.3";
			developmentRegion = en;
			hasScannedForEncodings = 0;
			knownRegions = (
				en,
				Base,
			);
			mainGroup = 03E9909824CBDF25008FA24B;
			productRefGroup = 03E990A224CBDF25008FA24B /* Products */;
			projectDirPath = "";
			projectRoot = "";
			targets = (
				03E990A024CBDF25008FA24B /* DotaHero */,
				03E990B624CBDF2A008FA24B /* DotaHeroTests */,
			);
		};
/* End PBXProject section */

/* Begin PBXResourcesBuildPhase section */
		03E9909F24CBDF25008FA24B /* Resources */ = {
			isa = PBXResourcesBuildPhase;
			buildActionMask = 2147483647;
			files = (
				03E990CD24CBE3B7008FA24B /* Hero.storyboard in Resources */,
				03E990B124CBDF2A008FA24B /* LaunchScreen.storyboard in Resources */,
				03E990AE24CBDF2A008FA24B /* Assets.xcassets in Resources */,
				03E990AC24CBDF25008FA24B /* Main.storyboard in Resources */,
				03E990D524CC1CD4008FA24B /* HeroCardCollectionViewCell.xib in Resources */,
			);
			runOnlyForDeploymentPostprocessing = 0;
		};
		03E990B524CBDF2A008FA24B /* Resources */ = {
			isa = PBXResourcesBuildPhase;
			buildActionMask = 2147483647;
			files = (
			);
			runOnlyForDeploymentPostprocessing = 0;
		};
/* End PBXResourcesBuildPhase section */

/* Begin PBXSourcesBuildPhase section */
		03E9909D24CBDF25008FA24B /* Sources */ = {
			isa = PBXSourcesBuildPhase;
			buildActionMask = 2147483647;
			files = (
				03E990D724CC1DC7008FA24B /* HeroCardCollectionViewCell.swift in Sources */,
				03E990CF24CBE3EA008FA24B /* HeroListViewController.swift in Sources */,
				03E990A924CBDF25008FA24B /* ViewController.swift in Sources */,
				03E990A524CBDF25008FA24B /* AppDelegate.swift in Sources */,
				03E990A724CBDF25008FA24B /* SceneDelegate.swift in Sources */,
				03E990D224CC1A12008FA24B /* CategoryNameTableViewCell.swift in Sources */,
			);
			runOnlyForDeploymentPostprocessing = 0;
		};
		03E990B324CBDF2A008FA24B /* Sources */ = {
			isa = PBXSourcesBuildPhase;
			buildActionMask = 2147483647;
			files = (
				03E990BC24CBDF2A008FA24B /* DotaHeroTests.swift in Sources */,
			);
			runOnlyForDeploymentPostprocessing = 0;
		};
/* End PBXSourcesBuildPhase section */

/* Begin PBXTargetDependency section */
		03E990B924CBDF2A008FA24B /* PBXTargetDependency */ = {
			isa = PBXTargetDependency;
			target = 03E990A024CBDF25008FA24B /* DotaHero */;
			targetProxy = 03E990B824CBDF2A008FA24B /* PBXContainerItemProxy */;
		};
/* End PBXTargetDependency section */

/* Begin PBXVariantGroup section */
		03E990AA24CBDF25008FA24B /* Main.storyboard */ = {
			isa = PBXVariantGroup;
			children = (
				03E990AB24CBDF25008FA24B /* Base */,
			);
			name = Main.storyboard;
			sourceTree = "<group>";
		};
		03E990AF24CBDF2A008FA24B /* LaunchScreen.storyboard */ = {
			isa = PBXVariantGroup;
			children = (
				03E990B024CBDF2A008FA24B /* Base */,
			);
			name = LaunchScreen.storyboard;
			sourceTree = "<group>";
		};
/* End PBXVariantGroup section */

/* Begin XCBuildConfiguration section */
		03E990BE24CBDF2A008FA24B /* Debug */ = {
			isa = XCBuildConfiguration;
			buildSettings = {
				ALWAYS_SEARCH_USER_PATHS = NO;
				CLANG_ANALYZER_NONNULL = YES;
				CLANG_ANALYZER_NUMBER_OBJECT_CONVERSION = YES_AGGRESSIVE;
				CLANG_CXX_LANGUAGE_STANDARD = "gnu++14";
				CLANG_CXX_LIBRARY = "libc++";
				CLANG_ENABLE_MODULES = YES;
				CLANG_ENABLE_OBJC_ARC = YES;
				CLANG_ENABLE_OBJC_WEAK = YES;
				CLANG_WARN_BLOCK_CAPTURE_AUTORELEASING = YES;
				CLANG_WARN_BOOL_CONVERSION = YES;
				CLANG_WARN_COMMA = YES;
				CLANG_WARN_CONSTANT_CONVERSION = YES;
				CLANG_WARN_DEPRECATED_OBJC_IMPLEMENTATIONS = YES;
				CLANG_WARN_DIRECT_OBJC_ISA_USAGE = YES_ERROR;
				CLANG_WARN_DOCUMENTATION_COMMENTS = YES;
				CLANG_WARN_EMPTY_BODY = YES;
				CLANG_WARN_ENUM_CONVERSION = YES;
				CLANG_WARN_INFINITE_RECURSION = YES;
				CLANG_WARN_INT_CONVERSION = YES;
				CLANG_WARN_NON_LITERAL_NULL_CONVERSION = YES;
				CLANG_WARN_OBJC_IMPLICIT_RETAIN_SELF = YES;
				CLANG_WARN_OBJC_LITERAL_CONVERSION = YES;
				CLANG_WARN_OBJC_ROOT_CLASS = YES_ERROR;
				CLANG_WARN_RANGE_LOOP_ANALYSIS = YES;
				CLANG_WARN_STRICT_PROTOTYPES = YES;
				CLANG_WARN_SUSPICIOUS_MOVE = YES;
				CLANG_WARN_UNGUARDED_AVAILABILITY = YES_AGGRESSIVE;
				CLANG_WARN_UNREACHABLE_CODE = YES;
				CLANG_WARN__DUPLICATE_METHOD_MATCH = YES;
				COPY_PHASE_STRIP = NO;
				DEBUG_INFORMATION_FORMAT = dwarf;
				ENABLE_STRICT_OBJC_MSGSEND = YES;
				ENABLE_TESTABILITY = YES;
				GCC_C_LANGUAGE_STANDARD = gnu11;
				GCC_DYNAMIC_NO_PIC = NO;
				GCC_NO_COMMON_BLOCKS = YES;
				GCC_OPTIMIZATION_LEVEL = 0;
				GCC_PREPROCESSOR_DEFINITIONS = (
					"DEBUG=1",
					"$(inherited)",
				);
				GCC_WARN_64_TO_32_BIT_CONVERSION = YES;
				GCC_WARN_ABOUT_RETURN_TYPE = YES_ERROR;
				GCC_WARN_UNDECLARED_SELECTOR = YES;
				GCC_WARN_UNINITIALIZED_AUTOS = YES_AGGRESSIVE;
				GCC_WARN_UNUSED_FUNCTION = YES;
				GCC_WARN_UNUSED_VARIABLE = YES;
				IPHONEOS_DEPLOYMENT_TARGET = 13.5;
				MTL_ENABLE_DEBUG_INFO = INCLUDE_SOURCE;
				MTL_FAST_MATH = YES;
				ONLY_ACTIVE_ARCH = YES;
				SDKROOT = iphoneos;
				SWIFT_ACTIVE_COMPILATION_CONDITIONS = DEBUG;
				SWIFT_OPTIMIZATION_LEVEL = "-Onone";
			};
			name = Debug;
		};
		03E990BF24CBDF2A008FA24B /* Release */ = {
			isa = XCBuildConfiguration;
			buildSettings = {
				ALWAYS_SEARCH_USER_PATHS = NO;
				CLANG_ANALYZER_NONNULL = YES;
				CLANG_ANALYZER_NUMBER_OBJECT_CONVERSION = YES_AGGRESSIVE;
				CLANG_CXX_LANGUAGE_STANDARD = "gnu++14";
				CLANG_CXX_LIBRARY = "libc++";
				CLANG_ENABLE_MODULES = YES;
				CLANG_ENABLE_OBJC_ARC = YES;
				CLANG_ENABLE_OBJC_WEAK = YES;
				CLANG_WARN_BLOCK_CAPTURE_AUTORELEASING = YES;
				CLANG_WARN_BOOL_CONVERSION = YES;
				CLANG_WARN_COMMA = YES;
				CLANG_WARN_CONSTANT_CONVERSION = YES;
				CLANG_WARN_DEPRECATED_OBJC_IMPLEMENTATIONS = YES;
				CLANG_WARN_DIRECT_OBJC_ISA_USAGE = YES_ERROR;
				CLANG_WARN_DOCUMENTATION_COMMENTS = YES;
				CLANG_WARN_EMPTY_BODY = YES;
				CLANG_WARN_ENUM_CONVERSION = YES;
				CLANG_WARN_INFINITE_RECURSION = YES;
				CLANG_WARN_INT_CONVERSION = YES;
				CLANG_WARN_NON_LITERAL_NULL_CONVERSION = YES;
				CLANG_WARN_OBJC_IMPLICIT_RETAIN_SELF = YES;
				CLANG_WARN_OBJC_LITERAL_CONVERSION = YES;
				CLANG_WARN_OBJC_ROOT_CLASS = YES_ERROR;
				CLANG_WARN_RANGE_LOOP_ANALYSIS = YES;
				CLANG_WARN_STRICT_PROTOTYPES = YES;
				CLANG_WARN_SUSPICIOUS_MOVE = YES;
				CLANG_WARN_UNGUARDED_AVAILABILITY = YES_AGGRESSIVE;
				CLANG_WARN_UNREACHABLE_CODE = YES;
				CLANG_WARN__DUPLICATE_METHOD_MATCH = YES;
				COPY_PHASE_STRIP = NO;
				DEBUG_INFORMATION_FORMAT = "dwarf-with-dsym";
				ENABLE_NS_ASSERTIONS = NO;
				ENABLE_STRICT_OBJC_MSGSEND = YES;
				GCC_C_LANGUAGE_STANDARD = gnu11;
				GCC_NO_COMMON_BLOCKS = YES;
				GCC_WARN_64_TO_32_BIT_CONVERSION = YES;
				GCC_WARN_ABOUT_RETURN_TYPE = YES_ERROR;
				GCC_WARN_UNDECLARED_SELECTOR = YES;
				GCC_WARN_UNINITIALIZED_AUTOS = YES_AGGRESSIVE;
				GCC_WARN_UNUSED_FUNCTION = YES;
				GCC_WARN_UNUSED_VARIABLE = YES;
				IPHONEOS_DEPLOYMENT_TARGET = 13.5;
				MTL_ENABLE_DEBUG_INFO = NO;
				MTL_FAST_MATH = YES;
				SDKROOT = iphoneos;
				SWIFT_COMPILATION_MODE = wholemodule;
				SWIFT_OPTIMIZATION_LEVEL = "-O";
				VALIDATE_PRODUCT = YES;
			};
			name = Release;
		};
		03E990C124CBDF2A008FA24B /* Debug */ = {
			isa = XCBuildConfiguration;
			buildSettings = {
				ASSETCATALOG_COMPILER_APPICON_NAME = AppIcon;
				CODE_SIGN_STYLE = Automatic;
				DEVELOPMENT_TEAM = 2S3M3PB68D;
				INFOPLIST_FILE = DotaHero/Info.plist;
				LD_RUNPATH_SEARCH_PATHS = (
					"$(inherited)",
					"@executable_path/Frameworks",
				);
				PRODUCT_BUNDLE_IDENTIFIER = com.herlambang.dotahero.DotaHero;
				PRODUCT_NAME = "$(TARGET_NAME)";
				SWIFT_VERSION = 5.0;
				TARGETED_DEVICE_FAMILY = "1,2";
			};
			name = Debug;
		};
		03E990C224CBDF2A008FA24B /* Release */ = {
			isa = XCBuildConfiguration;
			buildSettings = {
				ASSETCATALOG_COMPILER_APPICON_NAME = AppIcon;
				CODE_SIGN_STYLE = Automatic;
				DEVELOPMENT_TEAM = 2S3M3PB68D;
				INFOPLIST_FILE = DotaHero/Info.plist;
				LD_RUNPATH_SEARCH_PATHS = (
					"$(inherited)",
					"@executable_path/Frameworks",
				);
				PRODUCT_BUNDLE_IDENTIFIER = com.herlambang.dotahero.DotaHero;
				PRODUCT_NAME = "$(TARGET_NAME)";
				SWIFT_VERSION = 5.0;
				TARGETED_DEVICE_FAMILY = "1,2";
			};
			name = Release;
		};
		03E990C424CBDF2A008FA24B /* Debug */ = {
			isa = XCBuildConfiguration;
			buildSettings = {
				ALWAYS_EMBED_SWIFT_STANDARD_LIBRARIES = YES;
				BUNDLE_LOADER = "$(TEST_HOST)";
				CODE_SIGN_STYLE = Automatic;
				DEVELOPMENT_TEAM = 2S3M3PB68D;
				INFOPLIST_FILE = DotaHeroTests/Info.plist;
				IPHONEOS_DEPLOYMENT_TARGET = 13.5;
				LD_RUNPATH_SEARCH_PATHS = (
					"$(inherited)",
					"@executable_path/Frameworks",
					"@loader_path/Frameworks",
				);
				PRODUCT_BUNDLE_IDENTIFIER = com.herlambang.dotahero.DotaHeroTests;
				PRODUCT_NAME = "$(TARGET_NAME)";
				SWIFT_VERSION = 5.0;
				TARGETED_DEVICE_FAMILY = "1,2";
				TEST_HOST = "$(BUILT_PRODUCTS_DIR)/DotaHero.app/DotaHero";
			};
			name = Debug;
		};
		03E990C524CBDF2A008FA24B /* Release */ = {
			isa = XCBuildConfiguration;
			buildSettings = {
				ALWAYS_EMBED_SWIFT_STANDARD_LIBRARIES = YES;
				BUNDLE_LOADER = "$(TEST_HOST)";
				CODE_SIGN_STYLE = Automatic;
				DEVELOPMENT_TEAM = 2S3M3PB68D;
				INFOPLIST_FILE = DotaHeroTests/Info.plist;
				IPHONEOS_DEPLOYMENT_TARGET = 13.5;
				LD_RUNPATH_SEARCH_PATHS = (
					"$(inherited)",
					"@executable_path/Frameworks",
					"@loader_path/Frameworks",
				);
				PRODUCT_BUNDLE_IDENTIFIER = com.herlambang.dotahero.DotaHeroTests;
				PRODUCT_NAME = "$(TARGET_NAME)";
				SWIFT_VERSION = 5.0;
				TARGETED_DEVICE_FAMILY = "1,2";
				TEST_HOST = "$(BUILT_PRODUCTS_DIR)/DotaHero.app/DotaHero";
			};
			name = Release;
		};
/* End XCBuildConfiguration section */

/* Begin XCConfigurationList section */
		03E9909C24CBDF25008FA24B /* Build configuration list for PBXProject "DotaHero" */ = {
			isa = XCConfigurationList;
			buildConfigurations = (
				03E990BE24CBDF2A008FA24B /* Debug */,
				03E990BF24CBDF2A008FA24B /* Release */,
			);
			defaultConfigurationIsVisible = 0;
			defaultConfigurationName = Release;
		};
		03E990C024CBDF2A008FA24B /* Build configuration list for PBXNativeTarget "DotaHero" */ = {
			isa = XCConfigurationList;
			buildConfigurations = (
				03E990C124CBDF2A008FA24B /* Debug */,
				03E990C224CBDF2A008FA24B /* Release */,
			);
			defaultConfigurationIsVisible = 0;
			defaultConfigurationName = Release;
		};
		03E990C324CBDF2A008FA24B /* Build configuration list for PBXNativeTarget "DotaHeroTests" */ = {
			isa = XCConfigurationList;
			buildConfigurations = (
				03E990C424CBDF2A008FA24B /* Debug */,
				03E990C524CBDF2A008FA24B /* Release */,
			);
			defaultConfigurationIsVisible = 0;
			defaultConfigurationName = Release;
		};
/* End XCConfigurationList section */
	};
	rootObject = 03E9909924CBDF25008FA24B /* Project object */;
}
